
Microsoft Visual Studio Solution File, Format Version 12.00
# Visual Studio 14
VisualStudioVersion = 14.0.25420.1
MinimumVisualStudioVersion = 10.0.40219.1
Project("{FAE04EC0-301F-11D3-BF4B-00C04F79EFBC}") = "Fridge.Droid", "Fridge\Fridge.Droid\Fridge.Droid.csproj", "{F81708B8-434E-40E4-BE92-4C21F22D1146}"
EndProject
Project("{FAE04EC0-301F-11D3-BF4B-00C04F79EFBC}") = "Fridge.iOS", "Fridge\Fridge.iOS\Fridge.iOS.csproj", "{F9D6BD37-237C-4804-BE43-48D2BA5009A8}"
EndProject
Project("{FAE04EC0-301F-11D3-BF4B-00C04F79EFBC}") = "Fridge", "Fridge\Fridge\Fridge.csproj", "{491D17D8-9208-4E2C-964F-F57E46A00AF7}"
EndProject
Global
	GlobalSection(SolutionConfigurationPlatforms) = preSolution
		Debug|Any CPU = Debug|Any CPU
		Debug|iPhone = Debug|iPhone
		Debug|iPhoneSimulator = Debug|iPhoneSimulator
		Release|Any CPU = Release|Any CPU
		Release|iPhone = Release|iPhone
		Release|iPhoneSimulator = Release|iPhoneSimulator
	EndGlobalSection
	GlobalSection(ProjectConfigurationPlatforms) = postSolution
		{F81708B8-434E-40E4-BE92-4C21F22D1146}.Debug|Any CPU.ActiveCfg = Debug|Any CPU
		{F81708B8-434E-40E4-BE92-4C21F22D1146}.Debug|Any CPU.Build.0 = Debug|Any CPU
		{F81708B8-434E-40E4-BE92-4C21F22D1146}.Debug|Any CPU.Deploy.0 = Debug|Any CPU
		{F81708B8-434E-40E4-BE92-4C21F22D1146}.Debug|iPhone.ActiveCfg = Debug|Any CPU
		{F81708B8-434E-40E4-BE92-4C21F22D1146}.Debug|iPhone.Build.0 = Debug|Any CPU
		{F81708B8-434E-40E4-BE92-4C21F22D1146}.Debug|iPhone.Deploy.0 = Debug|Any CPU
		{F81708B8-434E-40E4-BE92-4C21F22D1146}.Debug|iPhoneSimulator.ActiveCfg = Debug|Any CPU
		{F81708B8-434E-40E4-BE92-4C21F22D1146}.Debug|iPhoneSimulator.Build.0 = Debug|Any CPU
		{F81708B8-434E-40E4-BE92-4C21F22D1146}.Debug|iPhoneSimulator.Deploy.0 = Debug|Any CPU
		{F81708B8-434E-40E4-BE92-4C21F22D1146}.Release|Any CPU.ActiveCfg = Release|Any CPU
		{F81708B8-434E-40E4-BE92-4C21F22D1146}.Release|Any CPU.Build.0 = Release|Any CPU
		{F81708B8-434E-40E4-BE92-4C21F22D1146}.Release|Any CPU.Deploy.0 = Release|Any CPU
		{F81708B8-434E-40E4-BE92-4C21F22D1146}.Release|iPhone.ActiveCfg = Release|Any CPU
		{F81708B8-434E-40E4-BE92-4C21F22D1146}.Release|iPhone.Build.0 = Release|Any CPU
		{F81708B8-434E-40E4-BE92-4C21F22D1146}.Release|iPhone.Deploy.0 = Release|Any CPU
		{F81708B8-434E-40E4-BE92-4C21F22D1146}.Release|iPhoneSimulator.ActiveCfg = Release|Any CPU
		{F81708B8-434E-40E4-BE92-4C21F22D1146}.Release|iPhoneSimulator.Build.0 = Release|Any CPU
		{F81708B8-434E-40E4-BE92-4C21F22D1146}.Release|iPhoneSimulator.Deploy.0 = Release|Any CPU
		{F9D6BD37-237C-4804-BE43-48D2BA5009A8}.Debug|Any CPU.ActiveCfg = Debug|iPhone
		{F9D6BD37-237C-4804-BE43-48D2BA5009A8}.Debug|iPhone.ActiveCfg = Debug|iPhone
		{F9D6BD37-237C-4804-BE43-48D2BA5009A8}.Debug|iPhone.Build.0 = Debug|iPhone
		{F9D6BD37-237C-4804-BE43-48D2BA5009A8}.Debug|iPhoneSimulator.ActiveCfg = Debug|iPhoneSimulator
		{F9D6BD37-237C-4804-BE43-48D2BA5009A8}.Debug|iPhoneSimulator.Build.0 = Debug|iPhoneSimulator
		{F9D6BD37-237C-4804-BE43-48D2BA5009A8}.Release|Any CPU.ActiveCfg = Release|iPhone
		{F9D6BD37-237C-4804-BE43-48D2BA5009A8}.Release|iPhone.ActiveCfg = Release|iPhone
		{F9D6BD37-237C-4804-BE43-48D2BA5009A8}.Release|iPhone.Build.0 = Release|iPhone
		{F9D6BD37-237C-4804-BE43-48D2BA5009A8}.Release|iPhoneSimulator.ActiveCfg = Release|iPhoneSimulator
		{F9D6BD37-237C-4804-BE43-48D2BA5009A8}.Release|iPhoneSimulator.Build.0 = Release|iPhoneSimulator
		{491D17D8-9208-4E2C-964F-F57E46A00AF7}.Debug|Any CPU.ActiveCfg = Debug|Any CPU
		{491D17D8-9208-4E2C-964F-F57E46A00AF7}.Debug|Any CPU.Build.0 = Debug|Any CPU
		{491D17D8-9208-4E2C-964F-F57E46A00AF7}.Debug|iPhone.ActiveCfg = Debug|Any CPU
		{491D17D8-9208-4E2C-964F-F57E46A00AF7}.Debug|iPhone.Build.0 = Debug|Any CPU
		{491D17D8-9208-4E2C-964F-F57E46A00AF7}.Debug|iPhoneSimulator.ActiveCfg = Debug|Any CPU
		{491D17D8-9208-4E2C-964F-F57E46A00AF7}.Debug|iPhoneSimulator.Build.0 = Debug|Any CPU
		{491D17D8-9208-4E2C-964F-F57E46A00AF7}.Release|Any CPU.ActiveCfg = Release|Any CPU
		{491D17D8-9208-4E2C-964F-F57E46A00AF7}.Release|Any CPU.Build.0 = Release|Any CPU
		{491D17D8-9208-4E2C-964F-F57E46A00AF7}.Release|iPhone.ActiveCfg = Release|Any CPU
		{491D17D8-9208-4E2C-964F-F57E46A00AF7}.Release|iPhone.Build.0 = Release|Any CPU
		{491D17D8-9208-4E2C-964F-F57E46A00AF7}.Release|iPhoneSimulator.ActiveCfg = Release|Any CPU
		{491D17D8-9208-4E2C-964F-F57E46A00AF7}.Release|iPhoneSimulator.Build.0 = Release|Any CPU
	EndGlobalSection
	GlobalSection(SolutionProperties) = preSolution
		HideSolutionNode = FALSE
	EndGlobalSection
EndGlobal
